{
  "nodes": {
    "devshell": {
      "inputs": {
        "flake-utils": [
          "flake-utils"
        ],
        "nixpkgs": [
          "nixpkgs"
        ]
      },
      "locked": {
        "lastModified": 1655976588,
        "narHash": "sha256-VreHyH6ITkf/1EX/8h15UqhddJnUleb0HgbC3gMkAEQ=",
        "owner": "numtide",
        "repo": "devshell",
        "rev": "899ca4629020592a13a46783587f6e674179d1db",
        "type": "github"
      },
      "original": {
        "owner": "numtide",
        "repo": "devshell",
        "type": "github"
      }
    },
    "flake-compat": {
      "flake": false,
      "locked": {
        "lastModified": 1650374568,
        "narHash": "sha256-Z+s0J8/r907g149rllvwhb4pKi8Wam5ij0st8PwAh+E=",
        "owner": "edolstra",
        "repo": "flake-compat",
        "rev": "b4a34015c698c7793d592d66adbab377907a2be8",
        "type": "github"
      },
      "original": {
        "owner": "edolstra",
        "repo": "flake-compat",
        "type": "github"
      }
    },
    "flake-utils": {
      "locked": {
        "lastModified": 1656928814,
        "narHash": "sha256-RIFfgBuKz6Hp89yRr7+NR5tzIAbn52h8vT6vXkYjZoM=",
        "owner": "numtide",
        "repo": "flake-utils",
        "rev": "7e2a3b3dfd9af950a856d66b0a7d01e3c18aa249",
        "type": "github"
      },
      "original": {
        "owner": "numtide",
        "repo": "flake-utils",
        "type": "github"
      }
    },
    "mersenneforumorg": {
      "inputs": {
        "devshell": [
          "qnixpkgs",
          "devshell"
        ],
        "flake-compat": [
          "qnixpkgs",
          "flake-compat"
        ],
        "flake-utils": [
          "qnixpkgs",
          "flake-utils"
        ],
        "nixpkgs": [
          "qnixpkgs",
          "nixpkgs"
        ],
        "nixpkgs-unstable": [
          "qnixpkgs",
          "nixpkgs-unstable"
        ],
        "qnixpkgs": [
          "qnixpkgs",
          "qnixpkgs"
        ]
      },
      "locked": {
        "lastModified": 1658252470,
        "narHash": "sha256-MfyPVF9Xx1bKwQzhbLcqVzSykC8JpI5+QKge9lzPQL0=",
        "owner": "Samayel",
        "repo": "mersenneforumorg.nix",
        "rev": "6e2d5d5f0eb08d2a3dd8ebd95a021761abb776bf",
        "type": "github"
      },
      "original": {
        "owner": "Samayel",
        "repo": "mersenneforumorg.nix",
        "type": "github"
      }
    },
    "nixpkgs": {
      "locked": {
        "lastModified": 1658384846,
        "narHash": "sha256-kaVwL/S3JwEHE4aTu3ss1GNr6553NwSyJpM0tOLmDhQ=",
        "owner": "nixos",
        "repo": "nixpkgs",
        "rev": "a51600cb041b90520bc772f222f060fc5835e41d",
        "type": "github"
      },
      "original": {
        "owner": "nixos",
        "ref": "release-22.05",
        "repo": "nixpkgs",
        "type": "github"
      }
    },
    "nixpkgs-unstable": {
      "locked": {
        "lastModified": 1658342534,
        "narHash": "sha256-4uJmhOnJleJGCjkLOEWKqOKlKISn1wGedNAihYezV5w=",
        "owner": "nixos",
        "repo": "nixpkgs",
        "rev": "501bbad4ce34c9d81d6d2b75e7e7126a9db3907c",
        "type": "github"
      },
      "original": {
        "owner": "nixos",
        "ref": "nixpkgs-unstable",
        "repo": "nixpkgs",
        "type": "github"
      }
    },
    "qnixpkgs": {
      "inputs": {
        "devshell": [
          "devshell"
        ],
        "flake-compat": [
          "flake-compat"
        ],
        "flake-utils": [
          "flake-utils"
        ],
        "mersenneforumorg": "mersenneforumorg",
        "nixpkgs": [
          "nixpkgs"
        ],
        "nixpkgs-unstable": [
          "nixpkgs-unstable"
        ],
        "qnixpkgs": [
          "qnixpkgs"
        ],
        "shellscripts": "shellscripts"
      },
      "locked": {
        "lastModified": 1658344918,
        "narHash": "sha256-oHVR04YHvndFF6oTgPdPNtMB/qAmi3vNEjCk5uQHDNE=",
        "owner": "Samayel",
        "repo": "qnixpkgs",
        "rev": "d443bb4dae1aa4a82414a873755b92c52f2d93fb",
        "type": "github"
      },
      "original": {
        "owner": "Samayel",
        "repo": "qnixpkgs",
        "type": "github"
      }
    },
    "root": {
      "inputs": {
        "devshell": "devshell",
        "flake-compat": "flake-compat",
        "flake-utils": "flake-utils",
        "nixpkgs": "nixpkgs",
        "nixpkgs-unstable": "nixpkgs-unstable",
        "qnixpkgs": "qnixpkgs"
      }
    },
    "shellscripts": {
      "inputs": {
        "devshell": [
          "qnixpkgs",
          "devshell"
        ],
        "flake-compat": [
          "qnixpkgs",
          "flake-compat"
        ],
        "flake-utils": [
          "qnixpkgs",
          "flake-utils"
        ],
        "nixpkgs": [
          "qnixpkgs",
          "nixpkgs"
        ],
        "nixpkgs-unstable": [
          "qnixpkgs",
          "nixpkgs-unstable"
        ],
        "qnixpkgs": [
          "qnixpkgs",
          "qnixpkgs"
        ]
      },
      "locked": {
        "lastModified": 1658344846,
        "narHash": "sha256-l0ycCro7oUPU3IfcNSnL3I3SHNU0ZHqgfjGMQBkKO6U=",
        "owner": "Samayel",
        "repo": "shellscripts.nix",
        "rev": "3937b09c53730ff69d1ea93803e73b11ed4e5dcf",
        "type": "github"
      },
      "original": {
        "owner": "Samayel",
        "repo": "shellscripts.nix",
        "type": "github"
      }
    }
  },
  "root": "root",
  "version": 7
}
