{
  "nodes": {
    "devshell": {
      "inputs": {
        "flake-utils": [
          "flake-utils"
        ],
        "nixpkgs": [
          "nixpkgs-stable"
        ]
      },
      "locked": {
        "lastModified": 1675340818,
        "narHash": "sha256-GAzTgOvonq4K3CVyyKZGbCnqdLi6nRe78t8ko/mLxL0=",
        "owner": "numtide",
        "repo": "devshell",
        "rev": "2e19b92980a79118351ec12496a81c49bd674d8a",
        "type": "github"
      },
      "original": {
        "owner": "numtide",
        "repo": "devshell",
        "type": "github"
      }
    },
    "flake-compat": {
      "flake": false,
      "locked": {
        "lastModified": 1673956053,
        "narHash": "sha256-4gtG9iQuiKITOjNQQeQIpoIB6b16fm+504Ch3sNKLd8=",
        "owner": "edolstra",
        "repo": "flake-compat",
        "rev": "35bb57c0c8d8b62bbfd284272c928ceb64ddbde9",
        "type": "github"
      },
      "original": {
        "owner": "edolstra",
        "repo": "flake-compat",
        "type": "github"
      }
    },
    "flake-utils": {
      "locked": {
        "lastModified": 1667395993,
        "narHash": "sha256-nuEHfE/LcWyuSWnS8t12N1wc105Qtau+/OdUAjtQ0rA=",
        "owner": "numtide",
        "repo": "flake-utils",
        "rev": "5aed5285a952e0b949eb3ba02c12fa4fcfef535f",
        "type": "github"
      },
      "original": {
        "owner": "numtide",
        "repo": "flake-utils",
        "type": "github"
      }
    },
    "mersenneforumorg": {
      "inputs": {
        "devshell": [
          "qnixpkgs",
          "devshell"
        ],
        "flake-compat": [
          "qnixpkgs",
          "flake-compat"
        ],
        "flake-utils": [
          "qnixpkgs",
          "flake-utils"
        ],
        "nixpkgs-stable": [
          "qnixpkgs",
          "nixpkgs-stable"
        ],
        "nixpkgs-unstable": [
          "qnixpkgs",
          "nixpkgs-unstable"
        ],
        "qnixpkgs": [
          "qnixpkgs",
          "qnixpkgs"
        ]
      },
      "locked": {
        "lastModified": 1672756873,
        "narHash": "sha256-FV0ZaGuzWnKsIRYx5ocSfOzsBuyeu9yxDbk4jZ4rOsk=",
        "owner": "quyo",
        "repo": "mersenneforumorg.nix",
        "rev": "7c4d8dfd8f5cbf166f2692924ad8bd03ed6bba8b",
        "type": "github"
      },
      "original": {
        "owner": "quyo",
        "repo": "mersenneforumorg.nix",
        "type": "github"
      }
    },
    "nixpkgs-stable": {
      "locked": {
        "lastModified": 1675512093,
        "narHash": "sha256-u1CY4feK14B57E6T+0Bhkuoj8dpBxCPrWO+SP87UVP8=",
        "owner": "nixos",
        "repo": "nixpkgs",
        "rev": "8e8240194eda25b61449f29bb5131e02b28a5486",
        "type": "github"
      },
      "original": {
        "owner": "nixos",
        "ref": "release-22.11",
        "repo": "nixpkgs",
        "type": "github"
      }
    },
    "nixpkgs-unstable": {
      "locked": {
        "lastModified": 1675492391,
        "narHash": "sha256-ntsF/e5HG7FIaa2uxtH91LlY4GmcCu4YmFGSfnPUmxQ=",
        "owner": "nixos",
        "repo": "nixpkgs",
        "rev": "32ec41a6726d57e539acea7ac57f94266d8d8d1a",
        "type": "github"
      },
      "original": {
        "owner": "nixos",
        "ref": "nixpkgs-unstable",
        "repo": "nixpkgs",
        "type": "github"
      }
    },
    "qnixpkgs": {
      "inputs": {
        "devshell": [
          "devshell"
        ],
        "flake-compat": [
          "flake-compat"
        ],
        "flake-utils": [
          "flake-utils"
        ],
        "mersenneforumorg": "mersenneforumorg",
        "nixpkgs-stable": [
          "nixpkgs-stable"
        ],
        "nixpkgs-unstable": [
          "nixpkgs-unstable"
        ],
        "qnixpkgs": [
          "qnixpkgs"
        ],
        "shellscripts": "shellscripts"
      },
      "locked": {
        "lastModified": 1675112339,
        "narHash": "sha256-jkuPlbEQIz5pSjAkT4xPEhOcnMbp1xSP7zgdpWSGlSw=",
        "owner": "quyo",
        "repo": "qnixpkgs",
        "rev": "94e7fb48f62978fb9ddcca59f6abf1f1e1baa84e",
        "type": "github"
      },
      "original": {
        "owner": "quyo",
        "repo": "qnixpkgs",
        "type": "github"
      }
    },
    "root": {
      "inputs": {
        "devshell": "devshell",
        "flake-compat": "flake-compat",
        "flake-utils": "flake-utils",
        "nixpkgs-stable": "nixpkgs-stable",
        "nixpkgs-unstable": "nixpkgs-unstable",
        "qnixpkgs": "qnixpkgs"
      }
    },
    "shellscripts": {
      "inputs": {
        "devshell": [
          "qnixpkgs",
          "devshell"
        ],
        "flake-compat": [
          "qnixpkgs",
          "flake-compat"
        ],
        "flake-utils": [
          "qnixpkgs",
          "flake-utils"
        ],
        "nixpkgs-stable": [
          "qnixpkgs",
          "nixpkgs-stable"
        ],
        "nixpkgs-unstable": [
          "qnixpkgs",
          "nixpkgs-unstable"
        ],
        "qnixpkgs": [
          "qnixpkgs",
          "qnixpkgs"
        ]
      },
      "locked": {
        "lastModified": 1672756892,
        "narHash": "sha256-ioPDTAGTBrxKTM9H3A8uwyjgoNJqAwideju8kJ96c+w=",
        "owner": "quyo",
        "repo": "shellscripts.nix",
        "rev": "8ccaeaf00f4ad61bb30f53d94bec49adb7242b94",
        "type": "github"
      },
      "original": {
        "owner": "quyo",
        "repo": "shellscripts.nix",
        "type": "github"
      }
    }
  },
  "root": "root",
  "version": 7
}
