{
  "nodes": {
    "devshell": {
      "inputs": {
        "nixpkgs": [
          "nixpkgs-stable"
        ],
        "systems": "systems"
      },
      "locked": {
        "lastModified": 1683635384,
        "narHash": "sha256-9goJTd05yOyD/McaMqZ4BUB8JW+mZMnZQJZ7VQ6C/Lw=",
        "owner": "numtide",
        "repo": "devshell",
        "rev": "5143ea68647c4cf5227e4ad2100db6671fc4c369",
        "type": "github"
      },
      "original": {
        "owner": "numtide",
        "repo": "devshell",
        "type": "github"
      }
    },
    "flake-compat": {
      "flake": false,
      "locked": {
        "lastModified": 1673956053,
        "narHash": "sha256-4gtG9iQuiKITOjNQQeQIpoIB6b16fm+504Ch3sNKLd8=",
        "owner": "edolstra",
        "repo": "flake-compat",
        "rev": "35bb57c0c8d8b62bbfd284272c928ceb64ddbde9",
        "type": "github"
      },
      "original": {
        "owner": "edolstra",
        "repo": "flake-compat",
        "type": "github"
      }
    },
    "flake-utils": {
      "inputs": {
        "systems": "systems_2"
      },
      "locked": {
        "lastModified": 1685518550,
        "narHash": "sha256-o2d0KcvaXzTrPRIo0kOLV0/QXHhDQ5DTi+OxcjO8xqY=",
        "owner": "numtide",
        "repo": "flake-utils",
        "rev": "a1720a10a6cfe8234c0e93907ffe81be440f4cef",
        "type": "github"
      },
      "original": {
        "owner": "numtide",
        "repo": "flake-utils",
        "type": "github"
      }
    },
    "mersenneforumorg": {
      "inputs": {
        "devshell": [
          "qnixpkgs",
          "devshell"
        ],
        "flake-compat": [
          "qnixpkgs",
          "flake-compat"
        ],
        "flake-utils": [
          "qnixpkgs",
          "flake-utils"
        ],
        "nixpkgs-stable": [
          "qnixpkgs",
          "nixpkgs-stable"
        ],
        "nixpkgs-unstable": [
          "qnixpkgs",
          "nixpkgs-unstable"
        ],
        "qnixpkgs": [
          "qnixpkgs",
          "qnixpkgs"
        ]
      },
      "locked": {
        "lastModified": 1672756873,
        "narHash": "sha256-FV0ZaGuzWnKsIRYx5ocSfOzsBuyeu9yxDbk4jZ4rOsk=",
        "owner": "quyo",
        "repo": "mersenneforumorg.nix",
        "rev": "7c4d8dfd8f5cbf166f2692924ad8bd03ed6bba8b",
        "type": "github"
      },
      "original": {
        "owner": "quyo",
        "repo": "mersenneforumorg.nix",
        "type": "github"
      }
    },
    "nixpkgs-stable": {
      "locked": {
        "lastModified": 1685701911,
        "narHash": "sha256-qoBUwecp2SgY8Haa0b13t3pu5hHcdSHFAtQl18tB5bw=",
        "owner": "nixos",
        "repo": "nixpkgs",
        "rev": "6d5bc0380bec4392109e0f60928b424ce9b179c7",
        "type": "github"
      },
      "original": {
        "owner": "nixos",
        "ref": "release-23.05",
        "repo": "nixpkgs",
        "type": "github"
      }
    },
    "nixpkgs-unstable": {
      "locked": {
        "lastModified": 1685677062,
        "narHash": "sha256-zoHF7+HNwNwne2XEomphbdc4Y8tdWT16EUxUTXpOKpQ=",
        "owner": "nixos",
        "repo": "nixpkgs",
        "rev": "95be94370d09f97f6af6a1df1eb9649b5260724e",
        "type": "github"
      },
      "original": {
        "owner": "nixos",
        "ref": "nixpkgs-unstable",
        "repo": "nixpkgs",
        "type": "github"
      }
    },
    "qnixpkgs": {
      "inputs": {
        "devshell": [
          "devshell"
        ],
        "flake-compat": [
          "flake-compat"
        ],
        "flake-utils": [
          "flake-utils"
        ],
        "mersenneforumorg": "mersenneforumorg",
        "nixpkgs-stable": [
          "nixpkgs-stable"
        ],
        "nixpkgs-unstable": [
          "nixpkgs-unstable"
        ],
        "qnixpkgs": [
          "qnixpkgs"
        ],
        "shellscripts": "shellscripts"
      },
      "locked": {
        "lastModified": 1685704999,
        "narHash": "sha256-wFGoPZUQTF/YMOG9Bjw6yNpOkv/GEWnCsRuPrVSUI2s=",
        "owner": "quyo",
        "repo": "qnixpkgs",
        "rev": "b5546549b82f03a6e698aaf9910dbd9adf692fd0",
        "type": "github"
      },
      "original": {
        "owner": "quyo",
        "repo": "qnixpkgs",
        "type": "github"
      }
    },
    "root": {
      "inputs": {
        "devshell": "devshell",
        "flake-compat": "flake-compat",
        "flake-utils": "flake-utils",
        "nixpkgs-stable": "nixpkgs-stable",
        "nixpkgs-unstable": "nixpkgs-unstable",
        "qnixpkgs": "qnixpkgs"
      }
    },
    "shellscripts": {
      "inputs": {
        "devshell": [
          "qnixpkgs",
          "devshell"
        ],
        "flake-compat": [
          "qnixpkgs",
          "flake-compat"
        ],
        "flake-utils": [
          "qnixpkgs",
          "flake-utils"
        ],
        "nixpkgs-stable": [
          "qnixpkgs",
          "nixpkgs-stable"
        ],
        "nixpkgs-unstable": [
          "qnixpkgs",
          "nixpkgs-unstable"
        ],
        "qnixpkgs": [
          "qnixpkgs",
          "qnixpkgs"
        ]
      },
      "locked": {
        "lastModified": 1685703162,
        "narHash": "sha256-jaIAZ66rkWbbq62HbfSZ09KPOZJaZkPSQ9Q7+M8Al/E=",
        "owner": "quyo",
        "repo": "shellscripts.nix",
        "rev": "7620ba2c08f09aa51dcb567592862b24a0225b12",
        "type": "github"
      },
      "original": {
        "owner": "quyo",
        "repo": "shellscripts.nix",
        "type": "github"
      }
    },
    "systems": {
      "locked": {
        "lastModified": 1681028828,
        "narHash": "sha256-Vy1rq5AaRuLzOxct8nz4T6wlgyUR7zLU309k9mBC768=",
        "owner": "nix-systems",
        "repo": "default",
        "rev": "da67096a3b9bf56a91d16901293e51ba5b49a27e",
        "type": "github"
      },
      "original": {
        "owner": "nix-systems",
        "repo": "default",
        "type": "github"
      }
    },
    "systems_2": {
      "locked": {
        "lastModified": 1681028828,
        "narHash": "sha256-Vy1rq5AaRuLzOxct8nz4T6wlgyUR7zLU309k9mBC768=",
        "owner": "nix-systems",
        "repo": "default",
        "rev": "da67096a3b9bf56a91d16901293e51ba5b49a27e",
        "type": "github"
      },
      "original": {
        "owner": "nix-systems",
        "repo": "default",
        "type": "github"
      }
    }
  },
  "root": "root",
  "version": 7
}
